
Microsoft Visual Studio Solution File, Format Version 12.00
# Visual Studio Version 17
VisualStudioVersion = 17.6.33829.357
MinimumVisualStudioVersion = 10.0.40219.1
Project("{9A19103F-16F7-4668-BE54-9A1E7A4F7556}") = "CDB.SQLite", "CDB.SQLite\CDB.SQLite.csproj", "{52F1B3EA-D6A9-4205-B3D2-BDCBF129BBCB}"
EndProject
Project("{9A19103F-16F7-4668-BE54-9A1E7A4F7556}") = "CDB", "CDB\CDB.csproj", "{AFD54011-ED9C-4BFE-A02C-B3F5122E3858}"
EndProject
Project("{9A19103F-16F7-4668-BE54-9A1E7A4F7556}") = "CDB.Importer", "CDB.Importer\CDB.Importer.csproj", "{83F9EA5C-0C64-4600-B2F9-A16D0EF6E31B}"
EndProject
Project("{9A19103F-16F7-4668-BE54-9A1E7A4F7556}") = "CDB.Service", "CDB.Service\CDB.Service.csproj", "{DD3E48DD-5699-4871-812D-3F165A05B279}"
EndProject
Project("{9A19103F-16F7-4668-BE54-9A1E7A4F7556}") = "CDB.FileSystem", "CDB.FileSystem\CDB.FileSystem.csproj", "{295839B9-51D1-4285-B114-35F4DFD87D2A}"
EndProject
Project("{9A19103F-16F7-4668-BE54-9A1E7A4F7556}") = "CDB.SQL", "CDB.SQL\CDB.SQL.csproj", "{E0DD60D4-FDE4-4B17-93FE-63396CC856BD}"
EndProject
Global
	GlobalSection(SolutionConfigurationPlatforms) = preSolution
		Debug|Any CPU = Debug|Any CPU
		Release|Any CPU = Release|Any CPU
	EndGlobalSection
	GlobalSection(ProjectConfigurationPlatforms) = postSolution
		{52F1B3EA-D6A9-4205-B3D2-BDCBF129BBCB}.Debug|Any CPU.ActiveCfg = Debug|Any CPU
		{52F1B3EA-D6A9-4205-B3D2-BDCBF129BBCB}.Debug|Any CPU.Build.0 = Debug|Any CPU
		{52F1B3EA-D6A9-4205-B3D2-BDCBF129BBCB}.Release|Any CPU.ActiveCfg = Release|Any CPU
		{52F1B3EA-D6A9-4205-B3D2-BDCBF129BBCB}.Release|Any CPU.Build.0 = Release|Any CPU
		{AFD54011-ED9C-4BFE-A02C-B3F5122E3858}.Debug|Any CPU.ActiveCfg = Debug|Any CPU
		{AFD54011-ED9C-4BFE-A02C-B3F5122E3858}.Debug|Any CPU.Build.0 = Debug|Any CPU
		{AFD54011-ED9C-4BFE-A02C-B3F5122E3858}.Release|Any CPU.ActiveCfg = Release|Any CPU
		{AFD54011-ED9C-4BFE-A02C-B3F5122E3858}.Release|Any CPU.Build.0 = Release|Any CPU
		{83F9EA5C-0C64-4600-B2F9-A16D0EF6E31B}.Debug|Any CPU.ActiveCfg = Debug|Any CPU
		{83F9EA5C-0C64-4600-B2F9-A16D0EF6E31B}.Debug|Any CPU.Build.0 = Debug|Any CPU
		{83F9EA5C-0C64-4600-B2F9-A16D0EF6E31B}.Release|Any CPU.ActiveCfg = Release|Any CPU
		{83F9EA5C-0C64-4600-B2F9-A16D0EF6E31B}.Release|Any CPU.Build.0 = Release|Any CPU
		{DD3E48DD-5699-4871-812D-3F165A05B279}.Debug|Any CPU.ActiveCfg = Debug|Any CPU
		{DD3E48DD-5699-4871-812D-3F165A05B279}.Debug|Any CPU.Build.0 = Debug|Any CPU
		{DD3E48DD-5699-4871-812D-3F165A05B279}.Release|Any CPU.ActiveCfg = Release|Any CPU
		{DD3E48DD-5699-4871-812D-3F165A05B279}.Release|Any CPU.Build.0 = Release|Any CPU
		{295839B9-51D1-4285-B114-35F4DFD87D2A}.Debug|Any CPU.ActiveCfg = Debug|Any CPU
		{295839B9-51D1-4285-B114-35F4DFD87D2A}.Debug|Any CPU.Build.0 = Debug|Any CPU
		{295839B9-51D1-4285-B114-35F4DFD87D2A}.Release|Any CPU.ActiveCfg = Release|Any CPU
		{295839B9-51D1-4285-B114-35F4DFD87D2A}.Release|Any CPU.Build.0 = Release|Any CPU
		{E0DD60D4-FDE4-4B17-93FE-63396CC856BD}.Debug|Any CPU.ActiveCfg = Debug|Any CPU
		{E0DD60D4-FDE4-4B17-93FE-63396CC856BD}.Debug|Any CPU.Build.0 = Debug|Any CPU
		{E0DD60D4-FDE4-4B17-93FE-63396CC856BD}.Release|Any CPU.ActiveCfg = Release|Any CPU
		{E0DD60D4-FDE4-4B17-93FE-63396CC856BD}.Release|Any CPU.Build.0 = Release|Any CPU
	EndGlobalSection
	GlobalSection(SolutionProperties) = preSolution
		HideSolutionNode = FALSE
	EndGlobalSection
	GlobalSection(ExtensibilityGlobals) = postSolution
		SolutionGuid = {66240599-4118-4CD5-8609-0540860DAD20}
	EndGlobalSection
EndGlobal
